// !$*UTF8*$!
{
	archiveVersion = 1;
	classes = {
	};
	objectVersion = 46;
	objects = {

/* Begin PBXBuildFile section */
		7FEDE47B1A8BF65F0081269C /* main.m in Sources */ = {isa = PBXBuildFile; fileRef = 7FEDE47A1A8BF65F0081269C /* main.m */; };
		7FEDE47E1A8BF65F0081269C /* AppDelegate.m in Sources */ = {isa = PBXBuildFile; fileRef = 7FEDE47D1A8BF65F0081269C /* AppDelegate.m */; };
		7FEDE4811A8BF65F0081269C /* ViewController.m in Sources */ = {isa = PBXBuildFile; fileRef = 7FEDE4801A8BF65F0081269C /* ViewController.m */; };
		7FEDE4841A8BF65F0081269C /* Main.storyboard in Resources */ = {isa = PBXBuildFile; fileRef = 7FEDE4821A8BF65F0081269C /* Main.storyboard */; };
		7FEDE4861A8BF65F0081269C /* Images.xcassets in Resources */ = {isa = PBXBuildFile; fileRef = 7FEDE4851A8BF65F0081269C /* Images.xcassets */; };
		7FEDE4891A8BF65F0081269C /* LaunchScreen.xib in Resources */ = {isa = PBXBuildFile; fileRef = 7FEDE4871A8BF65F0081269C /* LaunchScreen.xib */; };
		7FEDE4951A8BF65F0081269C /* _5puzzleTests.m in Sources */ = {isa = PBXBuildFile; fileRef = 7FEDE4941A8BF65F0081269C /* _5puzzleTests.m */; };
		7FEDE4A31A8BF6FB0081269C /* FifteenBoardView.m in Sources */ = {isa = PBXBuildFile; fileRef = 7FEDE4A21A8BF6FB0081269C /* FifteenBoardView.m */; };
		7FEDE4A61A8BF71E0081269C /* FifteenBoard.m in Sources */ = {isa = PBXBuildFile; fileRef = 7FEDE4A51A8BF71E0081269C /* FifteenBoard.m */; };
/* End PBXBuildFile section */

/* Begin PBXContainerItemProxy section */
		7FEDE48F1A8BF65F0081269C /* PBXContainerItemProxy */ = {
			isa = PBXContainerItemProxy;
			containerPortal = 7FEDE46D1A8BF65F0081269C /* Project object */;
			proxyType = 1;
			remoteGlobalIDString = 7FEDE4741A8BF65F0081269C;
			remoteInfo = 15puzzle;
		};
/* End PBXContainerItemProxy section */

/* Begin PBXFileReference section */
		7FEDE4751A8BF65F0081269C /* 15puzzle.app */ = {isa = PBXFileReference; explicitFileType = wrapper.application; includeInIndex = 0; path = 15puzzle.app; sourceTree = BUILT_PRODUCTS_DIR; };
		7FEDE4791A8BF65F0081269C /* Info.plist */ = {isa = PBXFileReference; lastKnownFileType = text.plist.xml; path = Info.plist; sourceTree = "<group>"; };
		7FEDE47A1A8BF65F0081269C /* main.m */ = {isa = PBXFileReference; lastKnownFileType = sourcecode.c.objc; path = main.m; sourceTree = "<group>"; };
		7FEDE47C1A8BF65F0081269C /* AppDelegate.h */ = {isa = PBXFileReference; lastKnownFileType = sourcecode.c.h; path = AppDelegate.h; sourceTree = "<group>"; };
		7FEDE47D1A8BF65F0081269C /* AppDelegate.m */ = {isa = PBXFileReference; lastKnownFileType = sourcecode.c.objc; path = AppDelegate.m; sourceTree = "<group>"; };
		7FEDE47F1A8BF65F0081269C /* ViewController.h */ = {isa = PBXFileReference; lastKnownFileType = sourcecode.c.h; path = ViewController.h; sourceTree = "<group>"; };
		7FEDE4801A8BF65F0081269C /* ViewController.m */ = {isa = PBXFileReference; lastKnownFileType = sourcecode.c.objc; path = ViewController.m; sourceTree = "<group>"; };
		7FEDE4831A8BF65F0081269C /* Base */ = {isa = PBXFileReference; lastKnownFileType = file.storyboard; name = Base; path = Base.lproj/Main.storyboard; sourceTree = "<group>"; };
		7FEDE4851A8BF65F0081269C /* Images.xcassets */ = {isa = PBXFileReference; lastKnownFileType = folder.assetcatalog; path = Images.xcassets; sourceTree = "<group>"; };
		7FEDE4881A8BF65F0081269C /* Base */ = {isa = PBXFileReference; lastKnownFileType = file.xib; name = Base; path = Base.lproj/LaunchScreen.xib; sourceTree = "<group>"; };
		7FEDE48E1A8BF65F0081269C /* 15puzzleTests.xctest */ = {isa = PBXFileReference; explicitFileType = wrapper.cfbundle; includeInIndex = 0; path = 15puzzleTests.xctest; sourceTree = BUILT_PRODUCTS_DIR; };
		7FEDE4931A8BF65F0081269C /* Info.plist */ = {isa = PBXFileReference; lastKnownFileType = text.plist.xml; path = Info.plist; sourceTree = "<group>"; };
		7FEDE4941A8BF65F0081269C /* _5puzzleTests.m */ = {isa = PBXFileReference; lastKnownFileType = sourcecode.c.objc; path = _5puzzleTests.m; sourceTree = "<group>"; };
		7FEDE4A11A8BF6FB0081269C /* FifteenBoardView.h */ = {isa = PBXFileReference; fileEncoding = 4; lastKnownFileType = sourcecode.c.h; path = FifteenBoardView.h; sourceTree = "<group>"; };
		7FEDE4A21A8BF6FB0081269C /* FifteenBoardView.m */ = {isa = PBXFileReference; fileEncoding = 4; lastKnownFileType = sourcecode.c.objc; path = FifteenBoardView.m; sourceTree = "<group>"; };
		7FEDE4A41A8BF71E0081269C /* FifteenBoard.h */ = {isa = PBXFileReference; fileEncoding = 4; lastKnownFileType = sourcecode.c.h; path = FifteenBoard.h; sourceTree = "<group>"; };
		7FEDE4A51A8BF71E0081269C /* FifteenBoard.m */ = {isa = PBXFileReference; fileEncoding = 4; lastKnownFileType = sourcecode.c.objc; path = FifteenBoard.m; sourceTree = "<group>"; };
/* End PBXFileReference section */

/* Begin PBXFrameworksBuildPhase section */
		7FEDE4721A8BF65F0081269C /* Frameworks */ = {
			isa = PBXFrameworksBuildPhase;
			buildActionMask = 2147483647;
			files = (
			);
			runOnlyForDeploymentPostprocessing = 0;
		};
		7FEDE48B1A8BF65F0081269C /* Frameworks */ = {
			isa = PBXFrameworksBuildPhase;
			buildActionMask = 2147483647;
			files = (
			);
			runOnlyForDeploymentPostprocessing = 0;
		};
/* End PBXFrameworksBuildPhase section */

/* Begin PBXGroup section */
		7FEDE46C1A8BF65F0081269C = {
			isa = PBXGroup;
			children = (
				7FEDE4771A8BF65F0081269C /* 15puzzle */,
				7FEDE4911A8BF65F0081269C /* 15puzzleTests */,
				7FEDE4761A8BF65F0081269C /* Products */,
			);
			sourceTree = "<group>";
		};
		7FEDE4761A8BF65F0081269C /* Products */ = {
			isa = PBXGroup;
			children = (
				7FEDE4751A8BF65F0081269C /* 15puzzle.app */,
				7FEDE48E1A8BF65F0081269C /* 15puzzleTests.xctest */,
			);
			name = Products;
			sourceTree = "<group>";
		};
		7FEDE4771A8BF65F0081269C /* 15puzzle */ = {
			isa = PBXGroup;
			children = (
				7FEDE47C1A8BF65F0081269C /* AppDelegate.h */,
				7FEDE47D1A8BF65F0081269C /* AppDelegate.m */,
				7FEDE47F1A8BF65F0081269C /* ViewController.h */,
				7FEDE4801A8BF65F0081269C /* ViewController.m */,
				7FEDE4A11A8BF6FB0081269C /* FifteenBoardView.h */,
				7FEDE4A21A8BF6FB0081269C /* FifteenBoardView.m */,
				7FEDE4A41A8BF71E0081269C /* FifteenBoard.h */,
				7FEDE4A51A8BF71E0081269C /* FifteenBoard.m */,
				7FEDE4821A8BF65F0081269C /* Main.storyboard */,
				7FEDE4851A8BF65F0081269C /* Images.xcassets */,
				7FEDE4871A8BF65F0081269C /* LaunchScreen.xib */,
				7FEDE4781A8BF65F0081269C /* Supporting Files */,
			);
			path = 15puzzle;
			sourceTree = "<group>";
		};
		7FEDE4781A8BF65F0081269C /* Supporting Files */ = {
			isa = PBXGroup;
			children = (
				7FEDE4791A8BF65F0081269C /* Info.plist */,
				7FEDE47A1A8BF65F0081269C /* main.m */,
			);
			name = "Supporting Files";
			sourceTree = "<group>";
		};
		7FEDE4911A8BF65F0081269C /* 15puzzleTests */ = {
			isa = PBXGroup;
			children = (
				7FEDE4941A8BF65F0081269C /* _5puzzleTests.m */,
				7FEDE4921A8BF65F0081269C /* Supporting Files */,
			);
			path = 15puzzleTests;
			sourceTree = "<group>";
		};
		7FEDE4921A8BF65F0081269C /* Supporting Files */ = {
			isa = PBXGroup;
			children = (
				7FEDE4931A8BF65F0081269C /* Info.plist */,
			);
			name = "Supporting Files";
			sourceTree = "<group>";
		};
/* End PBXGroup section */

/* Begin PBXNativeTarget section */
		7FEDE4741A8BF65F0081269C /* 15puzzle */ = {
			isa = PBXNativeTarget;
			buildConfigurationList = 7FEDE4981A8BF65F0081269C /* Build configuration list for PBXNativeTarget "15puzzle" */;
			buildPhases = (
				7FEDE4711A8BF65F0081269C /* Sources */,
				7FEDE4721A8BF65F0081269C /* Frameworks */,
				7FEDE4731A8BF65F0081269C /* Resources */,
			);
			buildRules = (
			);
			dependencies = (
			);
			name = 15puzzle;
			productName = 15puzzle;
			productReference = 7FEDE4751A8BF65F0081269C /* 15puzzle.app */;
			productType = "com.apple.product-type.application";
		};
		7FEDE48D1A8BF65F0081269C /* 15puzzleTests */ = {
			isa = PBXNativeTarget;
			buildConfigurationList = 7FEDE49B1A8BF65F0081269C /* Build configuration list for PBXNativeTarget "15puzzleTests" */;
			buildPhases = (
				7FEDE48A1A8BF65F0081269C /* Sources */,
				7FEDE48B1A8BF65F0081269C /* Frameworks */,
				7FEDE48C1A8BF65F0081269C /* Resources */,
			);
			buildRules = (
			);
			dependencies = (
				7FEDE4901A8BF65F0081269C /* PBXTargetDependency */,
			);
			name = 15puzzleTests;
			productName = 15puzzleTests;
			productReference = 7FEDE48E1A8BF65F0081269C /* 15puzzleTests.xctest */;
			productType = "com.apple.product-type.bundle.unit-test";
		};
/* End PBXNativeTarget section */

/* Begin PBXProject section */
		7FEDE46D1A8BF65F0081269C /* Project object */ = {
			isa = PBXProject;
			attributes = {
				LastUpgradeCheck = 0610;
				ORGANIZATIONNAME = "Adam M. Bennett";
				TargetAttributes = {
					7FEDE4741A8BF65F0081269C = {
						CreatedOnToolsVersion = 6.1.1;
					};
					7FEDE48D1A8BF65F0081269C = {
						CreatedOnToolsVersion = 6.1.1;
						TestTargetID = 7FEDE4741A8BF65F0081269C;
					};
				};
			};
			buildConfigurationList = 7FEDE4701A8BF65F0081269C /* Build configuration list for PBXProject "15puzzle" */;
			compatibilityVersion = "Xcode 3.2";
			developmentRegion = English;
			hasScannedForEncodings = 0;
			knownRegions = (
				en,
				Base,
			);
			mainGroup = 7FEDE46C1A8BF65F0081269C;
			productRefGroup = 7FEDE4761A8BF65F0081269C /* Products */;
			projectDirPath = "";
			projectRoot = "";
			targets = (
				7FEDE4741A8BF65F0081269C /* 15puzzle */,
				7FEDE48D1A8BF65F0081269C /* 15puzzleTests */,
			);
		};
/* End PBXProject section */

/* Begin PBXResourcesBuildPhase section */
		7FEDE4731A8BF65F0081269C /* Resources */ = {
			isa = PBXResourcesBuildPhase;
			buildActionMask = 2147483647;
			files = (
				7FEDE4841A8BF65F0081269C /* Main.storyboard in Resources */,
				7FEDE4891A8BF65F0081269C /* LaunchScreen.xib in Resources */,
				7FEDE4861A8BF65F0081269C /* Images.xcassets in Resources */,
			);
			runOnlyForDeploymentPostprocessing = 0;
		};
		7FEDE48C1A8BF65F0081269C /* Resources */ = {
			isa = PBXResourcesBuildPhase;
			buildActionMask = 2147483647;
			files = (
			);
			runOnlyForDeploymentPostprocessing = 0;
		};
/* End PBXResourcesBuildPhase section */

/* Begin PBXSourcesBuildPhase section */
		7FEDE4711A8BF65F0081269C /* Sources */ = {
			isa = PBXSourcesBuildPhase;
			buildActionMask = 2147483647;
			files = (
				7FEDE4A61A8BF71E0081269C /* FifteenBoard.m in Sources */,
				7FEDE4811A8BF65F0081269C /* ViewController.m in Sources */,
				7FEDE4A31A8BF6FB0081269C /* FifteenBoardView.m in Sources */,
				7FEDE47E1A8BF65F0081269C /* AppDelegate.m in Sources */,
				7FEDE47B1A8BF65F0081269C /* main.m in Sources */,
			);
			runOnlyForDeploymentPostprocessing = 0;
		};
		7FEDE48A1A8BF65F0081269C /* Sources */ = {
			isa = PBXSourcesBuildPhase;
			buildActionMask = 2147483647;
			files = (
				7FEDE4951A8BF65F0081269C /* _5puzzleTests.m in Sources */,
			);
			runOnlyForDeploymentPostprocessing = 0;
		};
/* End PBXSourcesBuildPhase section */

/* Begin PBXTargetDependency section */
		7FEDE4901A8BF65F0081269C /* PBXTargetDependency */ = {
			isa = PBXTargetDependency;
			target = 7FEDE4741A8BF65F0081269C /* 15puzzle */;
			targetProxy = 7FEDE48F1A8BF65F0081269C /* PBXContainerItemProxy */;
		};
/* End PBXTargetDependency section */

/* Begin PBXVariantGroup section */
		7FEDE4821A8BF65F0081269C /* Main.storyboard */ = {
			isa = PBXVariantGroup;
			children = (
				7FEDE4831A8BF65F0081269C /* Base */,
			);
			name = Main.storyboard;
			sourceTree = "<group>";
		};
		7FEDE4871A8BF65F0081269C /* LaunchScreen.xib */ = {
			isa = PBXVariantGroup;
			children = (
				7FEDE4881A8BF65F0081269C /* Base */,
			);
			name = LaunchScreen.xib;
			sourceTree = "<group>";
		};
/* End PBXVariantGroup section */

/* Begin XCBuildConfiguration section */
		7FEDE4961A8BF65F0081269C /* Debug */ = {
			isa = XCBuildConfiguration;
			buildSettings = {
				ALWAYS_SEARCH_USER_PATHS = NO;
				CLANG_CXX_LANGUAGE_STANDARD = "gnu++0x";
				CLANG_CXX_LIBRARY = "libc++";
				CLANG_ENABLE_MODULES = YES;
				CLANG_ENABLE_OBJC_ARC = YES;
				CLANG_WARN_BOOL_CONVERSION = YES;
				CLANG_WARN_CONSTANT_CONVERSION = YES;
				CLANG_WARN_DIRECT_OBJC_ISA_USAGE = YES_ERROR;
				CLANG_WARN_EMPTY_BODY = YES;
				CLANG_WARN_ENUM_CONVERSION = YES;
				CLANG_WARN_INT_CONVERSION = YES;
				CLANG_WARN_OBJC_ROOT_CLASS = YES_ERROR;
				CLANG_WARN_UNREACHABLE_CODE = YES;
				CLANG_WARN__DUPLICATE_METHOD_MATCH = YES;
				"CODE_SIGN_IDENTITY[sdk=iphoneos*]" = "iPhone Developer";
				COPY_PHASE_STRIP = NO;
				ENABLE_STRICT_OBJC_MSGSEND = YES;
				GCC_C_LANGUAGE_STANDARD = gnu99;
				GCC_DYNAMIC_NO_PIC = NO;
				GCC_OPTIMIZATION_LEVEL = 0;
				GCC_PREPROCESSOR_DEFINITIONS = (
					"DEBUG=1",
					"$(inherited)",
				);
				GCC_SYMBOLS_PRIVATE_EXTERN = NO;
				GCC_WARN_64_TO_32_BIT_CONVERSION = YES;
				GCC_WARN_ABOUT_RETURN_TYPE = YES_ERROR;
				GCC_WARN_UNDECLARED_SELECTOR = YES;
				GCC_WARN_UNINITIALIZED_AUTOS = YES_AGGRESSIVE;
				GCC_WARN_UNUSED_FUNCTION = YES;
				GCC_WARN_UNUSED_VARIABLE = YES;
				IPHONEOS_DEPLOYMENT_TARGET = 8.1;
				MTL_ENABLE_DEBUG_INFO = YES;
				ONLY_ACTIVE_ARCH = YES;
				SDKROOT = iphoneos;
				TARGETED_DEVICE_FAMILY = "1,2";
			};
			name = Debug;
		};
		7FEDE4971A8BF65F0081269C /* Release */ = {
			isa = XCBuildConfiguration;
			buildSettings = {
				ALWAYS_SEARCH_USER_PATHS = NO;
				CLANG_CXX_LANGUAGE_STANDARD = "gnu++0x";
				CLANG_CXX_LIBRARY = "libc++";
				CLANG_ENABLE_MODULES = YES;
				CLANG_ENABLE_OBJC_ARC = YES;
				CLANG_WARN_BOOL_CONVERSION = YES;
				CLANG_WARN_CONSTANT_CONVERSION = YES;
				CLANG_WARN_DIRECT_OBJC_ISA_USAGE = YES_ERROR;
				CLANG_WARN_EMPTY_BODY = YES;
				CLANG_WARN_ENUM_CONVERSION = YES;
				CLANG_WARN_INT_CONVERSION = YES;
				CLANG_WARN_OBJC_ROOT_CLASS = YES_ERROR;
				CLANG_WARN_UNREACHABLE_CODE = YES;
				CLANG_WARN__DUPLICATE_METHOD_MATCH = YES;
				"CODE_SIGN_IDENTITY[sdk=iphoneos*]" = "iPhone Developer";
				COPY_PHASE_STRIP = YES;
				ENABLE_NS_ASSERTIONS = NO;
				ENABLE_STRICT_OBJC_MSGSEND = YES;
				GCC_C_LANGUAGE_STANDARD = gnu99;
				GCC_WARN_64_TO_32_BIT_CONVERSION = YES;
				GCC_WARN_ABOUT_RETURN_TYPE = YES_ERROR;
				GCC_WARN_UNDECLARED_SELECTOR = YES;
				GCC_WARN_UNINITIALIZED_AUTOS = YES_AGGRESSIVE;
				GCC_WARN_UNUSED_FUNCTION = YES;
				GCC_WARN_UNUSED_VARIABLE = YES;
				IPHONEOS_DEPLOYMENT_TARGET = 8.1;
				MTL_ENABLE_DEBUG_INFO = NO;
				SDKROOT = iphoneos;
				TARGETED_DEVICE_FAMILY = "1,2";
				VALIDATE_PRODUCT = YES;
			};
			name = Release;
		};
		7FEDE4991A8BF65F0081269C /* Debug */ = {
			isa = XCBuildConfiguration;
			buildSettings = {
				ASSETCATALOG_COMPILER_APPICON_NAME = AppIcon;
				INFOPLIST_FILE = 15puzzle/Info.plist;
				LD_RUNPATH_SEARCH_PATHS = "$(inherited) @executable_path/Frameworks";
				PRODUCT_NAME = "$(TARGET_NAME)";
			};
			name = Debug;
		};
		7FEDE49A1A8BF65F0081269C /* Release */ = {
			isa = XCBuildConfiguration;
			buildSettings = {
				ASSETCATALOG_COMPILER_APPICON_NAME = AppIcon;
				INFOPLIST_FILE = 15puzzle/Info.plist;
				LD_RUNPATH_SEARCH_PATHS = "$(inherited) @executable_path/Frameworks";
				PRODUCT_NAME = "$(TARGET_NAME)";
			};
			name = Release;
		};
		7FEDE49C1A8BF65F0081269C /* Debug */ = {
			isa = XCBuildConfiguration;
			buildSettings = {
				BUNDLE_LOADER = "$(TEST_HOST)";
				FRAMEWORK_SEARCH_PATHS = (
					"$(SDKROOT)/Developer/Library/Frameworks",
					"$(inherited)",
				);
				GCC_PREPROCESSOR_DEFINITIONS = (
					"DEBUG=1",
					"$(inherited)",
				);
				INFOPLIST_FILE = 15puzzleTests/Info.plist;
				LD_RUNPATH_SEARCH_PATHS = "$(inherited) @executable_path/Frameworks @loader_path/Frameworks";
				PRODUCT_NAME = "$(TARGET_NAME)";
				TEST_HOST = "$(BUILT_PRODUCTS_DIR)/15puzzle.app/15puzzle";
			};
			name = Debug;
		};
		7FEDE49D1A8BF65F0081269C /* Release */ = {
			isa = XCBuildConfiguration;
			buildSettings = {
				BUNDLE_LOADER = "$(TEST_HOST)";
				FRAMEWORK_SEARCH_PATHS = (
					"$(SDKROOT)/Developer/Library/Frameworks",
					"$(inherited)",
				);
				INFOPLIST_FILE = 15puzzleTests/Info.plist;
				LD_RUNPATH_SEARCH_PATHS = "$(inherited) @executable_path/Frameworks @loader_path/Frameworks";
				PRODUCT_NAME = "$(TARGET_NAME)";
				TEST_HOST = "$(BUILT_PRODUCTS_DIR)/15puzzle.app/15puzzle";
			};
			name = Release;
		};
/* End XCBuildConfiguration section */

/* Begin XCConfigurationList section */
		7FEDE4701A8BF65F0081269C /* Build configuration list for PBXProject "15puzzle" */ = {
			isa = XCConfigurationList;
			buildConfigurations = (
				7FEDE4961A8BF65F0081269C /* Debug */,
				7FEDE4971A8BF65F0081269C /* Release */,
			);
			defaultConfigurationIsVisible = 0;
			defaultConfigurationName = Release;
		};
		7FEDE4981A8BF65F0081269C /* Build configuration list for PBXNativeTarget "15puzzle" */ = {
			isa = XCConfigurationList;
			buildConfigurations = (
				7FEDE4991A8BF65F0081269C /* Debug */,
				7FEDE49A1A8BF65F0081269C /* Release */,
			);
			defaultConfigurationIsVisible = 0;
		};
		7FEDE49B1A8BF65F0081269C /* Build configuration list for PBXNativeTarget "15puzzleTests" */ = {
			isa = XCConfigurationList;
			buildConfigurations = (
				7FEDE49C1A8BF65F0081269C /* Debug */,
				7FEDE49D1A8BF65F0081269C /* Release */,
			);
			defaultConfigurationIsVisible = 0;
		};
/* End XCConfigurationList section */
	};
	rootObject = 7FEDE46D1A8BF65F0081269C /* Project object */;
}
